
Microsoft Visual Studio Solution File, Format Version 12.00
# Visual Studio Version 16
VisualStudioVersion = 16.0.29905.134
MinimumVisualStudioVersion = 10.0.40219.1
Project("{FAE04EC0-301F-11D3-BF4B-00C04F79EFBC}") = "Garage_2.0", "Garage_2.0\Garage_2.0.csproj", "{8F0020F1-FE0F-4E95-84C7-B945BCB34A59}"
EndProject
Global
	GlobalSection(SolutionConfigurationPlatforms) = preSolution
		Debug|Any CPU = Debug|Any CPU
		Release|Any CPU = Release|Any CPU
	EndGlobalSection
	GlobalSection(ProjectConfigurationPlatforms) = postSolution
		{8F0020F1-FE0F-4E95-84C7-B945BCB34A59}.Debug|Any CPU.ActiveCfg = Debug|Any CPU
		{8F0020F1-FE0F-4E95-84C7-B945BCB34A59}.Debug|Any CPU.Build.0 = Debug|Any CPU
		{8F0020F1-FE0F-4E95-84C7-B945BCB34A59}.Release|Any CPU.ActiveCfg = Release|Any CPU
		{8F0020F1-FE0F-4E95-84C7-B945BCB34A59}.Release|Any CPU.Build.0 = Release|Any CPU
	EndGlobalSection
	GlobalSection(SolutionProperties) = preSolution
		HideSolutionNode = FALSE
	EndGlobalSection
	GlobalSection(ExtensibilityGlobals) = postSolution
		SolutionGuid = {C3BA078A-AA8F-426A-96E2-248ED622534D}
	EndGlobalSection
EndGlobal
